// !$*UTF8*$!
{
	archiveVersion = 1;
	classes = {
	};
	objectVersion = 77;
	objects = {

/* Begin PBXBuildFile section */
		5D198B1F2D9138AC003B3555 /* Step 2.png in Resources */ = {isa = PBXBuildFile; fileRef = 5D198B182D9138AC003B3555 /* Step 2.png */; };
		5D198B202D9138AC003B3555 /* Step 5.png in Resources */ = {isa = PBXBuildFile; fileRef = 5D198B1B2D9138AC003B3555 /* Step 5.png */; };
		5D198B212D9138AC003B3555 /* Step 6.png in Resources */ = {isa = PBXBuildFile; fileRef = 5D198B1C2D9138AC003B3555 /* Step 6.png */; };
		5D198B222D9138AC003B3555 /* Step 4.png in Resources */ = {isa = PBXBuildFile; fileRef = 5D198B1A2D9138AC003B3555 /* Step 4.png */; };
		5D198B232D9138AC003B3555 /* Step 7.png in Resources */ = {isa = PBXBuildFile; fileRef = 5D198B1D2D9138AC003B3555 /* Step 7.png */; };
		5D198B242D9138AC003B3555 /* Step 3.png in Resources */ = {isa = PBXBuildFile; fileRef = 5D198B192D9138AC003B3555 /* Step 3.png */; };
		5D198B252D9138AC003B3555 /* Step 1.png in Resources */ = {isa = PBXBuildFile; fileRef = 5D198B172D9138AC003B3555 /* Step 1.png */; };
		5D9930FD2D93B7D500C79520 /* bmc_qr.png in Resources */ = {isa = PBXBuildFile; fileRef = 5D9930FC2D93B7D500C79520 /* bmc_qr.png */; };
		5DCC51EB2D8707960042A408 /* AppDelegate.swift in Sources */ = {isa = PBXBuildFile; fileRef = 5DCC51E42D8707960042A408 /* AppDelegate.swift */; };
		5DCC51ED2D8707960042A408 /* Assets.xcassets in Resources */ = {isa = PBXBuildFile; fileRef = 5DCC51E52D8707960042A408 /* Assets.xcassets */; };
		5DCC51EE2D8707960042A408 /* Main.storyboard in Resources */ = {isa = PBXBuildFile; fileRef = 5DCC51E82D8707960042A408 /* Main.storyboard */; };
		5DCC51F42D8707EB0042A408 /* About.storyboard in Resources */ = {isa = PBXBuildFile; fileRef = 5DCC51F32D8707EB0042A408 /* About.storyboard */; };
		5DCC51F62D8707FD0042A408 /* AboutVC.swift in Sources */ = {isa = PBXBuildFile; fileRef = 5DCC51F52D8707FD0042A408 /* AboutVC.swift */; };
		5DCC51FD2D870A890042A408 /* success.mp3 in Resources */ = {isa = PBXBuildFile; fileRef = 5DCC51FC2D870A890042A408 /* success.mp3 */; };
		5DCC51FE2D870A890042A408 /* fail.mp3 in Resources */ = {isa = PBXBuildFile; fileRef = 5DCC51FB2D870A890042A408 /* fail.mp3 */; };
		5DCC52122D87129E0042A408 /* Preview.jpeg in Resources */ = {isa = PBXBuildFile; fileRef = 5DCC52112D87129E0042A408 /* Preview.jpeg */; };
/* End PBXBuildFile section */

/* Begin PBXFileReference section */
		5D198B172D9138AC003B3555 /* Step 1.png */ = {isa = PBXFileReference; lastKnownFileType = image.png; path = "Step 1.png"; sourceTree = "<group>"; };
		5D198B182D9138AC003B3555 /* Step 2.png */ = {isa = PBXFileReference; lastKnownFileType = image.png; path = "Step 2.png"; sourceTree = "<group>"; };
		5D198B192D9138AC003B3555 /* Step 3.png */ = {isa = PBXFileReference; lastKnownFileType = image.png; path = "Step 3.png"; sourceTree = "<group>"; };
		5D198B1A2D9138AC003B3555 /* Step 4.png */ = {isa = PBXFileReference; lastKnownFileType = image.png; path = "Step 4.png"; sourceTree = "<group>"; };
		5D198B1B2D9138AC003B3555 /* Step 5.png */ = {isa = PBXFileReference; lastKnownFileType = image.png; path = "Step 5.png"; sourceTree = "<group>"; };
		5D198B1C2D9138AC003B3555 /* Step 6.png */ = {isa = PBXFileReference; lastKnownFileType = image.png; path = "Step 6.png"; sourceTree = "<group>"; };
		5D198B1D2D9138AC003B3555 /* Step 7.png */ = {isa = PBXFileReference; lastKnownFileType = image.png; path = "Step 7.png"; sourceTree = "<group>"; };
		5D9930FC2D93B7D500C79520 /* bmc_qr.png */ = {isa = PBXFileReference; lastKnownFileType = image.png; path = bmc_qr.png; sourceTree = "<group>"; };
		5DCC51D22D87075A0042A408 /* MacSpaceCleaner.app */ = {isa = PBXFileReference; explicitFileType = wrapper.application; includeInIndex = 0; path = MacSpaceCleaner.app; sourceTree = BUILT_PRODUCTS_DIR; };
		5DCC51E42D8707960042A408 /* AppDelegate.swift */ = {isa = PBXFileReference; lastKnownFileType = sourcecode.swift; path = AppDelegate.swift; sourceTree = "<group>"; };
		5DCC51E52D8707960042A408 /* Assets.xcassets */ = {isa = PBXFileReference; lastKnownFileType = folder.assetcatalog; path = Assets.xcassets; sourceTree = "<group>"; };
		5DCC51E62D8707960042A408 /* MacSpaceCleaner.entitlements */ = {isa = PBXFileReference; lastKnownFileType = text.plist.entitlements; path = MacSpaceCleaner.entitlements; sourceTree = "<group>"; };
		5DCC51E72D8707960042A408 /* Base */ = {isa = PBXFileReference; lastKnownFileType = file.storyboard; name = Base; path = Base.lproj/Main.storyboard; sourceTree = "<group>"; };
		5DCC51F32D8707EB0042A408 /* About.storyboard */ = {isa = PBXFileReference; lastKnownFileType = file.storyboard; path = About.storyboard; sourceTree = "<group>"; };
		5DCC51F52D8707FD0042A408 /* AboutVC.swift */ = {isa = PBXFileReference; lastKnownFileType = sourcecode.swift; path = AboutVC.swift; sourceTree = "<group>"; };
		5DCC51FB2D870A890042A408 /* fail.mp3 */ = {isa = PBXFileReference; lastKnownFileType = audio.mp3; path = fail.mp3; sourceTree = "<group>"; };
		5DCC51FC2D870A890042A408 /* success.mp3 */ = {isa = PBXFileReference; lastKnownFileType = audio.mp3; path = success.mp3; sourceTree = "<group>"; };
		5DCC52112D87129E0042A408 /* Preview.jpeg */ = {isa = PBXFileReference; lastKnownFileType = image.jpeg; path = Preview.jpeg; sourceTree = "<group>"; };
/* End PBXFileReference section */

/* Begin PBXFrameworksBuildPhase section */
		5DCC51CF2D87075A0042A408 /* Frameworks */ = {
			isa = PBXFrameworksBuildPhase;
			buildActionMask = 2147483647;
			files = (
			);
			runOnlyForDeploymentPostprocessing = 0;
		};
/* End PBXFrameworksBuildPhase section */

/* Begin PBXGroup section */
		5D198B1E2D9138AC003B3555 /* Steps */ = {
			isa = PBXGroup;
			children = (
				5D198B172D9138AC003B3555 /* Step 1.png */,
				5D198B182D9138AC003B3555 /* Step 2.png */,
				5D198B192D9138AC003B3555 /* Step 3.png */,
				5D198B1A2D9138AC003B3555 /* Step 4.png */,
				5D198B1B2D9138AC003B3555 /* Step 5.png */,
				5D198B1C2D9138AC003B3555 /* Step 6.png */,
				5D198B1D2D9138AC003B3555 /* Step 7.png */,
			);
			path = Steps;
			sourceTree = "<group>";
		};
		5D9930FB2D93B7C100C79520 /* BMC */ = {
			isa = PBXGroup;
			children = (
				5D9930FC2D93B7D500C79520 /* bmc_qr.png */,
			);
			path = BMC;
			sourceTree = "<group>";
		};
		5DCC51C92D87075A0042A408 = {
			isa = PBXGroup;
			children = (
				5DCC51EA2D8707960042A408 /* MacSpaceCleaner */,
				5DCC51D32D87075A0042A408 /* Products */,
			);
			sourceTree = "<group>";
		};
		5DCC51D32D87075A0042A408 /* Products */ = {
			isa = PBXGroup;
			children = (
				5DCC51D22D87075A0042A408 /* MacSpaceCleaner.app */,
			);
			name = Products;
			sourceTree = "<group>";
		};
		5DCC51EA2D8707960042A408 /* MacSpaceCleaner */ = {
			isa = PBXGroup;
			children = (
				5DCC51E62D8707960042A408 /* MacSpaceCleaner.entitlements */,
				5DCC51EF2D87079F0042A408 /* Base */,
				5DCC51F22D8707D80042A408 /* Windows */,
				5DCC51F02D8707B40042A408 /* Resources */,
				5DCC51E82D8707960042A408 /* Main.storyboard */,
			);
			path = MacSpaceCleaner;
			sourceTree = "<group>";
		};
		5DCC51EF2D87079F0042A408 /* Base */ = {
			isa = PBXGroup;
			children = (
				5DCC51E42D8707960042A408 /* AppDelegate.swift */,
			);
			path = Base;
			sourceTree = "<group>";
		};
		5DCC51F02D8707B40042A408 /* Resources */ = {
			isa = PBXGroup;
			children = (
				5DCC51E52D8707960042A408 /* Assets.xcassets */,
				5DCC51FA2D870A750042A408 /* Preview */,
				5D198B1E2D9138AC003B3555 /* Steps */,
				5DCC51F92D870A750042A408 /* Sounds */,
				5D9930FB2D93B7C100C79520 /* BMC */,
			);
			path = Resources;
			sourceTree = "<group>";
		};
		5DCC51F22D8707D80042A408 /* Windows */ = {
			isa = PBXGroup;
			children = (
				5DCC51F32D8707EB0042A408 /* About.storyboard */,
				5DCC51F52D8707FD0042A408 /* AboutVC.swift */,
			);
			path = Windows;
			sourceTree = "<group>";
		};
		5DCC51F92D870A750042A408 /* Sounds */ = {
			isa = PBXGroup;
			children = (
				5DCC51FB2D870A890042A408 /* fail.mp3 */,
				5DCC51FC2D870A890042A408 /* success.mp3 */,
			);
			path = Sounds;
			sourceTree = "<group>";
		};
		5DCC51FA2D870A750042A408 /* Preview */ = {
			isa = PBXGroup;
			children = (
				5DCC52112D87129E0042A408 /* Preview.jpeg */,
			);
			path = Preview;
			sourceTree = "<group>";
		};
/* End PBXGroup section */

/* Begin PBXNativeTarget section */
		5DCC51D12D87075A0042A408 /* MacSpaceCleaner */ = {
			isa = PBXNativeTarget;
			buildConfigurationList = 5DCC51E12D87075B0042A408 /* Build configuration list for PBXNativeTarget "MacSpaceCleaner" */;
			buildPhases = (
				5DCC51CE2D87075A0042A408 /* Sources */,
				5DCC51CF2D87075A0042A408 /* Frameworks */,
				5DCC51D02D87075A0042A408 /* Resources */,
			);
			buildRules = (
			);
			dependencies = (
			);
			name = MacSpaceCleaner;
			packageProductDependencies = (
			);
			productName = MacSpaceCleaner;
			productReference = 5DCC51D22D87075A0042A408 /* MacSpaceCleaner.app */;
			productType = "com.apple.product-type.application";
		};
/* End PBXNativeTarget section */

/* Begin PBXProject section */
		5DCC51CA2D87075A0042A408 /* Project object */ = {
			isa = PBXProject;
			attributes = {
				BuildIndependentTargetsInParallel = 1;
				LastSwiftUpdateCheck = 1620;
				LastUpgradeCheck = 1620;
				TargetAttributes = {
					5DCC51D12D87075A0042A408 = {
						CreatedOnToolsVersion = 16.2;
					};
				};
			};
			buildConfigurationList = 5DCC51CD2D87075A0042A408 /* Build configuration list for PBXProject "MacSpaceCleaner" */;
			developmentRegion = en;
			hasScannedForEncodings = 0;
			knownRegions = (
				en,
				Base,
			);
			mainGroup = 5DCC51C92D87075A0042A408;
			minimizedProjectReferenceProxies = 1;
			preferredProjectObjectVersion = 77;
			productRefGroup = 5DCC51D32D87075A0042A408 /* Products */;
			projectDirPath = "";
			projectRoot = "";
			targets = (
				5DCC51D12D87075A0042A408 /* MacSpaceCleaner */,
			);
		};
/* End PBXProject section */

/* Begin PBXResourcesBuildPhase section */
		5DCC51D02D87075A0042A408 /* Resources */ = {
			isa = PBXResourcesBuildPhase;
			buildActionMask = 2147483647;
			files = (
				5DCC51FD2D870A890042A408 /* success.mp3 in Resources */,
				5DCC51FE2D870A890042A408 /* fail.mp3 in Resources */,
				5DCC51ED2D8707960042A408 /* Assets.xcassets in Resources */,
				5DCC51EE2D8707960042A408 /* Main.storyboard in Resources */,
				5DCC52122D87129E0042A408 /* Preview.jpeg in Resources */,
				5D198B1F2D9138AC003B3555 /* Step 2.png in Resources */,
				5D198B202D9138AC003B3555 /* Step 5.png in Resources */,
				5D198B212D9138AC003B3555 /* Step 6.png in Resources */,
				5D198B222D9138AC003B3555 /* Step 4.png in Resources */,
				5D198B232D9138AC003B3555 /* Step 7.png in Resources */,
				5D198B242D9138AC003B3555 /* Step 3.png in Resources */,
				5D198B252D9138AC003B3555 /* Step 1.png in Resources */,
				5DCC51F42D8707EB0042A408 /* About.storyboard in Resources */,
				5D9930FD2D93B7D500C79520 /* bmc_qr.png in Resources */,
			);
			runOnlyForDeploymentPostprocessing = 0;
		};
/* End PBXResourcesBuildPhase section */

/* Begin PBXSourcesBuildPhase section */
		5DCC51CE2D87075A0042A408 /* Sources */ = {
			isa = PBXSourcesBuildPhase;
			buildActionMask = 2147483647;
			files = (
				5DCC51EB2D8707960042A408 /* AppDelegate.swift in Sources */,
				5DCC51F62D8707FD0042A408 /* AboutVC.swift in Sources */,
			);
			runOnlyForDeploymentPostprocessing = 0;
		};
/* End PBXSourcesBuildPhase section */

/* Begin PBXVariantGroup section */
		5DCC51E82D8707960042A408 /* Main.storyboard */ = {
			isa = PBXVariantGroup;
			children = (
				5DCC51E72D8707960042A408 /* Base */,
			);
			name = Main.storyboard;
			sourceTree = "<group>";
		};
/* End PBXVariantGroup section */

/* Begin XCBuildConfiguration section */
		5DCC51DF2D87075B0042A408 /* Debug */ = {
			isa = XCBuildConfiguration;
			buildSettings = {
				ALWAYS_SEARCH_USER_PATHS = NO;
				ASSETCATALOG_COMPILER_GENERATE_SWIFT_ASSET_SYMBOL_EXTENSIONS = YES;
				CLANG_ANALYZER_NONNULL = YES;
				CLANG_ANALYZER_NUMBER_OBJECT_CONVERSION = YES_AGGRESSIVE;
				CLANG_CXX_LANGUAGE_STANDARD = "gnu++20";
				CLANG_ENABLE_MODULES = YES;
				CLANG_ENABLE_OBJC_ARC = YES;
				CLANG_ENABLE_OBJC_WEAK = YES;
				CLANG_WARN_BLOCK_CAPTURE_AUTORELEASING = YES;
				CLANG_WARN_BOOL_CONVERSION = YES;
				CLANG_WARN_COMMA = YES;
				CLANG_WARN_CONSTANT_CONVERSION = YES;
				CLANG_WARN_DEPRECATED_OBJC_IMPLEMENTATIONS = YES;
				CLANG_WARN_DIRECT_OBJC_ISA_USAGE = YES_ERROR;
				CLANG_WARN_DOCUMENTATION_COMMENTS = YES;
				CLANG_WARN_EMPTY_BODY = YES;
				CLANG_WARN_ENUM_CONVERSION = YES;
				CLANG_WARN_INFINITE_RECURSION = YES;
				CLANG_WARN_INT_CONVERSION = YES;
				CLANG_WARN_NON_LITERAL_NULL_CONVERSION = YES;
				CLANG_WARN_OBJC_IMPLICIT_RETAIN_SELF = YES;
				CLANG_WARN_OBJC_LITERAL_CONVERSION = YES;
				CLANG_WARN_OBJC_ROOT_CLASS = YES_ERROR;
				CLANG_WARN_QUOTED_INCLUDE_IN_FRAMEWORK_HEADER = YES;
				CLANG_WARN_RANGE_LOOP_ANALYSIS = YES;
				CLANG_WARN_STRICT_PROTOTYPES = YES;
				CLANG_WARN_SUSPICIOUS_MOVE = YES;
				CLANG_WARN_UNGUARDED_AVAILABILITY = YES_AGGRESSIVE;
				CLANG_WARN_UNREACHABLE_CODE = YES;
				CLANG_WARN__DUPLICATE_METHOD_MATCH = YES;
				COPY_PHASE_STRIP = NO;
				DEBUG_INFORMATION_FORMAT = dwarf;
				ENABLE_STRICT_OBJC_MSGSEND = YES;
				ENABLE_TESTABILITY = YES;
				ENABLE_USER_SCRIPT_SANDBOXING = YES;
				GCC_C_LANGUAGE_STANDARD = gnu17;
				GCC_DYNAMIC_NO_PIC = NO;
				GCC_NO_COMMON_BLOCKS = YES;
				GCC_OPTIMIZATION_LEVEL = 0;
				GCC_PREPROCESSOR_DEFINITIONS = (
					"DEBUG=1",
					"$(inherited)",
				);
				GCC_WARN_64_TO_32_BIT_CONVERSION = YES;
				GCC_WARN_ABOUT_RETURN_TYPE = YES_ERROR;
				GCC_WARN_UNDECLARED_SELECTOR = YES;
				GCC_WARN_UNINITIALIZED_AUTOS = YES_AGGRESSIVE;
				GCC_WARN_UNUSED_FUNCTION = YES;
				GCC_WARN_UNUSED_VARIABLE = YES;
				LOCALIZATION_PREFERS_STRING_CATALOGS = YES;
				MACOSX_DEPLOYMENT_TARGET = 15.1;
				MTL_ENABLE_DEBUG_INFO = INCLUDE_SOURCE;
				MTL_FAST_MATH = YES;
				ONLY_ACTIVE_ARCH = YES;
				SDKROOT = macosx;
				SWIFT_ACTIVE_COMPILATION_CONDITIONS = "DEBUG $(inherited)";
				SWIFT_OPTIMIZATION_LEVEL = "-Onone";
			};
			name = Debug;
		};
		5DCC51E02D87075B0042A408 /* Release */ = {
			isa = XCBuildConfiguration;
			buildSettings = {
				ALWAYS_SEARCH_USER_PATHS = NO;
				ASSETCATALOG_COMPILER_GENERATE_SWIFT_ASSET_SYMBOL_EXTENSIONS = YES;
				CLANG_ANALYZER_NONNULL = YES;
				CLANG_ANALYZER_NUMBER_OBJECT_CONVERSION = YES_AGGRESSIVE;
				CLANG_CXX_LANGUAGE_STANDARD = "gnu++20";
				CLANG_ENABLE_MODULES = YES;
				CLANG_ENABLE_OBJC_ARC = YES;
				CLANG_ENABLE_OBJC_WEAK = YES;
				CLANG_WARN_BLOCK_CAPTURE_AUTORELEASING = YES;
				CLANG_WARN_BOOL_CONVERSION = YES;
				CLANG_WARN_COMMA = YES;
				CLANG_WARN_CONSTANT_CONVERSION = YES;
				CLANG_WARN_DEPRECATED_OBJC_IMPLEMENTATIONS = YES;
				CLANG_WARN_DIRECT_OBJC_ISA_USAGE = YES_ERROR;
				CLANG_WARN_DOCUMENTATION_COMMENTS = YES;
				CLANG_WARN_EMPTY_BODY = YES;
				CLANG_WARN_ENUM_CONVERSION = YES;
				CLANG_WARN_INFINITE_RECURSION = YES;
				CLANG_WARN_INT_CONVERSION = YES;
				CLANG_WARN_NON_LITERAL_NULL_CONVERSION = YES;
				CLANG_WARN_OBJC_IMPLICIT_RETAIN_SELF = YES;
				CLANG_WARN_OBJC_LITERAL_CONVERSION = YES;
				CLANG_WARN_OBJC_ROOT_CLASS = YES_ERROR;
				CLANG_WARN_QUOTED_INCLUDE_IN_FRAMEWORK_HEADER = YES;
				CLANG_WARN_RANGE_LOOP_ANALYSIS = YES;
				CLANG_WARN_STRICT_PROTOTYPES = YES;
				CLANG_WARN_SUSPICIOUS_MOVE = YES;
				CLANG_WARN_UNGUARDED_AVAILABILITY = YES_AGGRESSIVE;
				CLANG_WARN_UNREACHABLE_CODE = YES;
				CLANG_WARN__DUPLICATE_METHOD_MATCH = YES;
				COPY_PHASE_STRIP = NO;
				DEBUG_INFORMATION_FORMAT = "dwarf-with-dsym";
				ENABLE_NS_ASSERTIONS = NO;
				ENABLE_STRICT_OBJC_MSGSEND = YES;
				ENABLE_USER_SCRIPT_SANDBOXING = YES;
				GCC_C_LANGUAGE_STANDARD = gnu17;
				GCC_NO_COMMON_BLOCKS = YES;
				GCC_WARN_64_TO_32_BIT_CONVERSION = YES;
				GCC_WARN_ABOUT_RETURN_TYPE = YES_ERROR;
				GCC_WARN_UNDECLARED_SELECTOR = YES;
				GCC_WARN_UNINITIALIZED_AUTOS = YES_AGGRESSIVE;
				GCC_WARN_UNUSED_FUNCTION = YES;
				GCC_WARN_UNUSED_VARIABLE = YES;
				LOCALIZATION_PREFERS_STRING_CATALOGS = YES;
				MACOSX_DEPLOYMENT_TARGET = 15.1;
				MTL_ENABLE_DEBUG_INFO = NO;
				MTL_FAST_MATH = YES;
				SDKROOT = macosx;
				SWIFT_COMPILATION_MODE = wholemodule;
			};
			name = Release;
		};
		5DCC51E22D87075B0042A408 /* Debug */ = {
			isa = XCBuildConfiguration;
			buildSettings = {
				ASSETCATALOG_COMPILER_APPICON_NAME = AppIcon;
				ASSETCATALOG_COMPILER_GLOBAL_ACCENT_COLOR_NAME = AccentColor;
				CODE_SIGN_ENTITLEMENTS = MacSpaceCleaner/MacSpaceCleaner.entitlements;
				CODE_SIGN_STYLE = Automatic;
				COMBINE_HIDPI_IMAGES = YES;
				CURRENT_PROJECT_VERSION = 1;
				GENERATE_INFOPLIST_FILE = YES;
				INFOPLIST_KEY_CFBundleDisplayName = "Mac Space Cleaner";
				INFOPLIST_KEY_LSApplicationCategoryType = "public.app-category.utilities";
				INFOPLIST_KEY_LSUIElement = YES;
				INFOPLIST_KEY_NSHumanReadableCopyright = "";
				INFOPLIST_KEY_NSMainStoryboardFile = Main;
				INFOPLIST_KEY_NSPrincipalClass = NSApplication;
				LD_RUNPATH_SEARCH_PATHS = (
					"$(inherited)",
					"@executable_path/../Frameworks",
				);
				MACOSX_DEPLOYMENT_TARGET = 12.0;
				MARKETING_VERSION = 1.0;
				PRODUCT_BUNDLE_IDENTIFIER = com.demotbl.MacSpaceCleaner;
				PRODUCT_NAME = "$(TARGET_NAME)";
				SWIFT_EMIT_LOC_STRINGS = YES;
				SWIFT_VERSION = 5.0;
			};
			name = Debug;
		};
		5DCC51E32D87075B0042A408 /* Release */ = {
			isa = XCBuildConfiguration;
			buildSettings = {
				ASSETCATALOG_COMPILER_APPICON_NAME = AppIcon;
				ASSETCATALOG_COMPILER_GLOBAL_ACCENT_COLOR_NAME = AccentColor;
				CODE_SIGN_ENTITLEMENTS = MacSpaceCleaner/MacSpaceCleaner.entitlements;
				CODE_SIGN_STYLE = Automatic;
				COMBINE_HIDPI_IMAGES = YES;
				CURRENT_PROJECT_VERSION = 1;
				GENERATE_INFOPLIST_FILE = YES;
				INFOPLIST_KEY_CFBundleDisplayName = "Mac Space Cleaner";
				INFOPLIST_KEY_LSApplicationCategoryType = "public.app-category.utilities";
				INFOPLIST_KEY_LSUIElement = YES;
				INFOPLIST_KEY_NSHumanReadableCopyright = "";
				INFOPLIST_KEY_NSMainStoryboardFile = Main;
				INFOPLIST_KEY_NSPrincipalClass = NSApplication;
				LD_RUNPATH_SEARCH_PATHS = (
					"$(inherited)",
					"@executable_path/../Frameworks",
				);
				MACOSX_DEPLOYMENT_TARGET = 12.0;
				MARKETING_VERSION = 1.0;
				PRODUCT_BUNDLE_IDENTIFIER = com.demotbl.MacSpaceCleaner;
				PRODUCT_NAME = "$(TARGET_NAME)";
				SWIFT_EMIT_LOC_STRINGS = YES;
				SWIFT_VERSION = 5.0;
			};
			name = Release;
		};
/* End XCBuildConfiguration section */

/* Begin XCConfigurationList section */
		5DCC51CD2D87075A0042A408 /* Build configuration list for PBXProject "MacSpaceCleaner" */ = {
			isa = XCConfigurationList;
			buildConfigurations = (
				5DCC51DF2D87075B0042A408 /* Debug */,
				5DCC51E02D87075B0042A408 /* Release */,
			);
			defaultConfigurationIsVisible = 0;
			defaultConfigurationName = Release;
		};
		5DCC51E12D87075B0042A408 /* Build configuration list for PBXNativeTarget "MacSpaceCleaner" */ = {
			isa = XCConfigurationList;
			buildConfigurations = (
				5DCC51E22D87075B0042A408 /* Debug */,
				5DCC51E32D87075B0042A408 /* Release */,
			);
			defaultConfigurationIsVisible = 0;
			defaultConfigurationName = Release;
		};
/* End XCConfigurationList section */
	};
	rootObject = 5DCC51CA2D87075A0042A408 /* Project object */;
}
